
Microsoft Visual Studio Solution File, Format Version 12.00
# Visual Studio Version 16
VisualStudioVersion = 16.0.29102.190
MinimumVisualStudioVersion = 10.0.40219.1
Project("{FAE04EC0-301F-11D3-BF4B-00C04F79EFBC}") = "BaseDatosWPF", "BaseDatosWPF\BaseDatosWPF.csproj", "{0A2705AF-CAE9-41E3-BA7A-007AEDE0256B}"
EndProject
Global
	GlobalSection(SolutionConfigurationPlatforms) = preSolution
		Debug|Any CPU = Debug|Any CPU
		Release|Any CPU = Release|Any CPU
	EndGlobalSection
	GlobalSection(ProjectConfigurationPlatforms) = postSolution
		{0A2705AF-CAE9-41E3-BA7A-007AEDE0256B}.Debug|Any CPU.ActiveCfg = Debug|Any CPU
		{0A2705AF-CAE9-41E3-BA7A-007AEDE0256B}.Debug|Any CPU.Build.0 = Debug|Any CPU
		{0A2705AF-CAE9-41E3-BA7A-007AEDE0256B}.Release|Any CPU.ActiveCfg = Release|Any CPU
		{0A2705AF-CAE9-41E3-BA7A-007AEDE0256B}.Release|Any CPU.Build.0 = Release|Any CPU
	EndGlobalSection
	GlobalSection(SolutionProperties) = preSolution
		HideSolutionNode = FALSE
	EndGlobalSection
	GlobalSection(ExtensibilityGlobals) = postSolution
		SolutionGuid = {267648EF-9477-4686-93D9-264B2F599218}
	EndGlobalSection
EndGlobal
