
Microsoft Visual Studio Solution File, Format Version 12.00
# Visual Studio Version 16
VisualStudioVersion = 16.0.29025.244
MinimumVisualStudioVersion = 10.0.40219.1
Project("{FAE04EC0-301F-11D3-BF4B-00C04F79EFBC}") = "Vers2", "Vers2\Vers2.csproj", "{CA889112-BA3A-4CEB-A4E6-64B8BEEE20FE}"
EndProject
Global
	GlobalSection(SolutionConfigurationPlatforms) = preSolution
		Debug|Any CPU = Debug|Any CPU
		Release|Any CPU = Release|Any CPU
	EndGlobalSection
	GlobalSection(ProjectConfigurationPlatforms) = postSolution
		{CA889112-BA3A-4CEB-A4E6-64B8BEEE20FE}.Debug|Any CPU.ActiveCfg = Debug|Any CPU
		{CA889112-BA3A-4CEB-A4E6-64B8BEEE20FE}.Debug|Any CPU.Build.0 = Debug|Any CPU
		{CA889112-BA3A-4CEB-A4E6-64B8BEEE20FE}.Release|Any CPU.ActiveCfg = Release|Any CPU
		{CA889112-BA3A-4CEB-A4E6-64B8BEEE20FE}.Release|Any CPU.Build.0 = Release|Any CPU
	EndGlobalSection
	GlobalSection(SolutionProperties) = preSolution
		HideSolutionNode = FALSE
	EndGlobalSection
	GlobalSection(ExtensibilityGlobals) = postSolution
		SolutionGuid = {AC75D2C2-9C54-43D1-BF97-81388AE52B87}
	EndGlobalSection
EndGlobal
